
Microsoft Visual Studio Solution File, Format Version 12.00
# Visual Studio Version 17
VisualStudioVersion = 17.0.31903.59
MinimumVisualStudioVersion = 10.0.40219.1
Project("{FAE04EC0-301F-11D3-BF4B-00C04F79EFBC}") = "SkillScanner", "src\SkillScanner.csproj", "{B4EA4C63-4986-4090-B12E-0DD1151EBB9E}"
EndProject
Project("{FAE04EC0-301F-11D3-BF4B-00C04F79EFBC}") = "Test", "test\Test.csproj", "{3C2ED164-FA92-49AE-AC80-00FDAAA61110}"
EndProject
Global
	GlobalSection(SolutionConfigurationPlatforms) = preSolution
		Debug|Any CPU = Debug|Any CPU
		Release|Any CPU = Release|Any CPU
	EndGlobalSection
	GlobalSection(SolutionProperties) = preSolution
		HideSolutionNode = FALSE
	EndGlobalSection
	GlobalSection(ProjectConfigurationPlatforms) = postSolution
		{B4EA4C63-4986-4090-B12E-0DD1151EBB9E}.Debug|Any CPU.ActiveCfg = Debug|Any CPU
		{B4EA4C63-4986-4090-B12E-0DD1151EBB9E}.Debug|Any CPU.Build.0 = Debug|Any CPU
		{B4EA4C63-4986-4090-B12E-0DD1151EBB9E}.Release|Any CPU.ActiveCfg = Release|Any CPU
		{B4EA4C63-4986-4090-B12E-0DD1151EBB9E}.Release|Any CPU.Build.0 = Release|Any CPU
		{3C2ED164-FA92-49AE-AC80-00FDAAA61110}.Debug|Any CPU.ActiveCfg = Debug|Any CPU
		{3C2ED164-FA92-49AE-AC80-00FDAAA61110}.Debug|Any CPU.Build.0 = Debug|Any CPU
		{3C2ED164-FA92-49AE-AC80-00FDAAA61110}.Release|Any CPU.ActiveCfg = Release|Any CPU
		{3C2ED164-FA92-49AE-AC80-00FDAAA61110}.Release|Any CPU.Build.0 = Release|Any CPU
	EndGlobalSection
EndGlobal
